// !$*UTF8*$!
{
	archiveVersion = 1;
	classes = {
	};
	objectVersion = 46;
	objects = {

/* Begin PBXBuildFile section */
		9FB47E5E1F480A43009D82FF /* AppDelegate.swift in Sources */ = {isa = PBXBuildFile; fileRef = 9FB47E5D1F480A43009D82FF /* AppDelegate.swift */; };
		9FB47E601F480A43009D82FF /* ViewController.swift in Sources */ = {isa = PBXBuildFile; fileRef = 9FB47E5F1F480A43009D82FF /* ViewController.swift */; };
		9FB47E621F480A43009D82FF /* Assets.xcassets in Resources */ = {isa = PBXBuildFile; fileRef = 9FB47E611F480A43009D82FF /* Assets.xcassets */; };
		9FB47E651F480A43009D82FF /* Main.storyboard in Resources */ = {isa = PBXBuildFile; fileRef = 9FB47E631F480A43009D82FF /* Main.storyboard */; };
		9FB47E701F480A43009D82FF /* Adjustable_ClockTests.swift in Sources */ = {isa = PBXBuildFile; fileRef = 9FB47E6F1F480A43009D82FF /* Adjustable_ClockTests.swift */; };
		9FB47E7B1F480A43009D82FF /* Adjustable_ClockUITests.swift in Sources */ = {isa = PBXBuildFile; fileRef = 9FB47E7A1F480A43009D82FF /* Adjustable_ClockUITests.swift */; };
/* End PBXBuildFile section */

/* Begin PBXContainerItemProxy section */
		9FB47E6C1F480A43009D82FF /* PBXContainerItemProxy */ = {
			isa = PBXContainerItemProxy;
			containerPortal = 9FB47E521F480A43009D82FF /* Project object */;
			proxyType = 1;
			remoteGlobalIDString = 9FB47E591F480A43009D82FF;
			remoteInfo = "Adjustable Clock";
		};
		9FB47E771F480A43009D82FF /* PBXContainerItemProxy */ = {
			isa = PBXContainerItemProxy;
			containerPortal = 9FB47E521F480A43009D82FF /* Project object */;
			proxyType = 1;
			remoteGlobalIDString = 9FB47E591F480A43009D82FF;
			remoteInfo = "Adjustable Clock";
		};
/* End PBXContainerItemProxy section */

/* Begin PBXFileReference section */
		9FB47E5A1F480A43009D82FF /* Adjustable Clock.app */ = {isa = PBXFileReference; explicitFileType = wrapper.application; includeInIndex = 0; path = "Adjustable Clock.app"; sourceTree = BUILT_PRODUCTS_DIR; };
		9FB47E5D1F480A43009D82FF /* AppDelegate.swift */ = {isa = PBXFileReference; lastKnownFileType = sourcecode.swift; path = AppDelegate.swift; sourceTree = "<group>"; };
		9FB47E5F1F480A43009D82FF /* ViewController.swift */ = {isa = PBXFileReference; lastKnownFileType = sourcecode.swift; path = ViewController.swift; sourceTree = "<group>"; };
		9FB47E611F480A43009D82FF /* Assets.xcassets */ = {isa = PBXFileReference; lastKnownFileType = folder.assetcatalog; path = Assets.xcassets; sourceTree = "<group>"; };
		9FB47E641F480A43009D82FF /* Base */ = {isa = PBXFileReference; lastKnownFileType = file.storyboard; name = Base; path = Base.lproj/Main.storyboard; sourceTree = "<group>"; };
		9FB47E661F480A43009D82FF /* Info.plist */ = {isa = PBXFileReference; lastKnownFileType = text.plist.xml; path = Info.plist; sourceTree = "<group>"; };
		9FB47E6B1F480A43009D82FF /* Adjustable ClockTests.xctest */ = {isa = PBXFileReference; explicitFileType = wrapper.cfbundle; includeInIndex = 0; path = "Adjustable ClockTests.xctest"; sourceTree = BUILT_PRODUCTS_DIR; };
		9FB47E6F1F480A43009D82FF /* Adjustable_ClockTests.swift */ = {isa = PBXFileReference; lastKnownFileType = sourcecode.swift; path = Adjustable_ClockTests.swift; sourceTree = "<group>"; };
		9FB47E711F480A43009D82FF /* Info.plist */ = {isa = PBXFileReference; lastKnownFileType = text.plist.xml; path = Info.plist; sourceTree = "<group>"; };
		9FB47E761F480A43009D82FF /* Adjustable ClockUITests.xctest */ = {isa = PBXFileReference; explicitFileType = wrapper.cfbundle; includeInIndex = 0; path = "Adjustable ClockUITests.xctest"; sourceTree = BUILT_PRODUCTS_DIR; };
		9FB47E7A1F480A43009D82FF /* Adjustable_ClockUITests.swift */ = {isa = PBXFileReference; lastKnownFileType = sourcecode.swift; path = Adjustable_ClockUITests.swift; sourceTree = "<group>"; };
		9FB47E7C1F480A43009D82FF /* Info.plist */ = {isa = PBXFileReference; lastKnownFileType = text.plist.xml; path = Info.plist; sourceTree = "<group>"; };
/* End PBXFileReference section */

/* Begin PBXFrameworksBuildPhase section */
		9FB47E571F480A43009D82FF /* Frameworks */ = {
			isa = PBXFrameworksBuildPhase;
			buildActionMask = 2147483647;
			files = (
			);
			runOnlyForDeploymentPostprocessing = 0;
		};
		9FB47E681F480A43009D82FF /* Frameworks */ = {
			isa = PBXFrameworksBuildPhase;
			buildActionMask = 2147483647;
			files = (
			);
			runOnlyForDeploymentPostprocessing = 0;
		};
		9FB47E731F480A43009D82FF /* Frameworks */ = {
			isa = PBXFrameworksBuildPhase;
			buildActionMask = 2147483647;
			files = (
			);
			runOnlyForDeploymentPostprocessing = 0;
		};
/* End PBXFrameworksBuildPhase section */

/* Begin PBXGroup section */
		9FB47E511F480A43009D82FF = {
			isa = PBXGroup;
			children = (
				9FB47E5C1F480A43009D82FF /* Adjustable Clock */,
				9FB47E6E1F480A43009D82FF /* Adjustable ClockTests */,
				9FB47E791F480A43009D82FF /* Adjustable ClockUITests */,
				9FB47E5B1F480A43009D82FF /* Products */,
			);
			sourceTree = "<group>";
		};
		9FB47E5B1F480A43009D82FF /* Products */ = {
			isa = PBXGroup;
			children = (
				9FB47E5A1F480A43009D82FF /* Adjustable Clock.app */,
				9FB47E6B1F480A43009D82FF /* Adjustable ClockTests.xctest */,
				9FB47E761F480A43009D82FF /* Adjustable ClockUITests.xctest */,
			);
			name = Products;
			sourceTree = "<group>";
		};
		9FB47E5C1F480A43009D82FF /* Adjustable Clock */ = {
			isa = PBXGroup;
			children = (
				9FB47E5D1F480A43009D82FF /* AppDelegate.swift */,
				9FB47E5F1F480A43009D82FF /* ViewController.swift */,
				9FB47E611F480A43009D82FF /* Assets.xcassets */,
				9FB47E631F480A43009D82FF /* Main.storyboard */,
				9FB47E661F480A43009D82FF /* Info.plist */,
			);
			path = "Adjustable Clock";
			sourceTree = "<group>";
		};
		9FB47E6E1F480A43009D82FF /* Adjustable ClockTests */ = {
			isa = PBXGroup;
			children = (
				9FB47E6F1F480A43009D82FF /* Adjustable_ClockTests.swift */,
				9FB47E711F480A43009D82FF /* Info.plist */,
			);
			path = "Adjustable ClockTests";
			sourceTree = "<group>";
		};
		9FB47E791F480A43009D82FF /* Adjustable ClockUITests */ = {
			isa = PBXGroup;
			children = (
				9FB47E7A1F480A43009D82FF /* Adjustable_ClockUITests.swift */,
				9FB47E7C1F480A43009D82FF /* Info.plist */,
			);
			path = "Adjustable ClockUITests";
			sourceTree = "<group>";
		};
/* End PBXGroup section */

/* Begin PBXNativeTarget section */
		9FB47E591F480A43009D82FF /* Adjustable Clock */ = {
			isa = PBXNativeTarget;
			buildConfigurationList = 9FB47E7F1F480A43009D82FF /* Build configuration list for PBXNativeTarget "Adjustable Clock" */;
			buildPhases = (
				9FB47E561F480A43009D82FF /* Sources */,
				9FB47E571F480A43009D82FF /* Frameworks */,
				9FB47E581F480A43009D82FF /* Resources */,
			);
			buildRules = (
			);
			dependencies = (
			);
			name = "Adjustable Clock";
			productName = "Adjustable Clock";
			productReference = 9FB47E5A1F480A43009D82FF /* Adjustable Clock.app */;
			productType = "com.apple.product-type.application";
		};
		9FB47E6A1F480A43009D82FF /* Adjustable ClockTests */ = {
			isa = PBXNativeTarget;
			buildConfigurationList = 9FB47E821F480A43009D82FF /* Build configuration list for PBXNativeTarget "Adjustable ClockTests" */;
			buildPhases = (
				9FB47E671F480A43009D82FF /* Sources */,
				9FB47E681F480A43009D82FF /* Frameworks */,
				9FB47E691F480A43009D82FF /* Resources */,
			);
			buildRules = (
			);
			dependencies = (
				9FB47E6D1F480A43009D82FF /* PBXTargetDependency */,
			);
			name = "Adjustable ClockTests";
			productName = "Adjustable ClockTests";
			productReference = 9FB47E6B1F480A43009D82FF /* Adjustable ClockTests.xctest */;
			productType = "com.apple.product-type.bundle.unit-test";
		};
		9FB47E751F480A43009D82FF /* Adjustable ClockUITests */ = {
			isa = PBXNativeTarget;
			buildConfigurationList = 9FB47E851F480A43009D82FF /* Build configuration list for PBXNativeTarget "Adjustable ClockUITests" */;
			buildPhases = (
				9FB47E721F480A43009D82FF /* Sources */,
				9FB47E731F480A43009D82FF /* Frameworks */,
				9FB47E741F480A43009D82FF /* Resources */,
			);
			buildRules = (
			);
			dependencies = (
				9FB47E781F480A43009D82FF /* PBXTargetDependency */,
			);
			name = "Adjustable ClockUITests";
			productName = "Adjustable ClockUITests";
			productReference = 9FB47E761F480A43009D82FF /* Adjustable ClockUITests.xctest */;
			productType = "com.apple.product-type.bundle.ui-testing";
		};
/* End PBXNativeTarget section */

/* Begin PBXProject section */
		9FB47E521F480A43009D82FF /* Project object */ = {
			isa = PBXProject;
			attributes = {
				LastSwiftUpdateCheck = 0830;
				LastUpgradeCheck = 0830;
				ORGANIZATIONNAME = "Celeritas Apps";
				TargetAttributes = {
					9FB47E591F480A43009D82FF = {
						CreatedOnToolsVersion = 8.3.3;
						DevelopmentTeam = 8ZAMGA7E3H;
						ProvisioningStyle = Automatic;
					};
					9FB47E6A1F480A43009D82FF = {
						CreatedOnToolsVersion = 8.3.3;
						DevelopmentTeam = 8ZAMGA7E3H;
						ProvisioningStyle = Automatic;
						TestTargetID = 9FB47E591F480A43009D82FF;
					};
					9FB47E751F480A43009D82FF = {
						CreatedOnToolsVersion = 8.3.3;
						DevelopmentTeam = 8ZAMGA7E3H;
						ProvisioningStyle = Automatic;
						TestTargetID = 9FB47E591F480A43009D82FF;
					};
				};
			};
			buildConfigurationList = 9FB47E551F480A43009D82FF /* Build configuration list for PBXProject "Adjustable Clock" */;
			compatibilityVersion = "Xcode 3.2";
			developmentRegion = English;
			hasScannedForEncodings = 0;
			knownRegions = (
				en,
				Base,
			);
			mainGroup = 9FB47E511F480A43009D82FF;
			productRefGroup = 9FB47E5B1F480A43009D82FF /* Products */;
			projectDirPath = "";
			projectRoot = "";
			targets = (
				9FB47E591F480A43009D82FF /* Adjustable Clock */,
				9FB47E6A1F480A43009D82FF /* Adjustable ClockTests */,
				9FB47E751F480A43009D82FF /* Adjustable ClockUITests */,
			);
		};
/* End PBXProject section */

/* Begin PBXResourcesBuildPhase section */
		9FB47E581F480A43009D82FF /* Resources */ = {
			isa = PBXResourcesBuildPhase;
			buildActionMask = 2147483647;
			files = (
				9FB47E621F480A43009D82FF /* Assets.xcassets in Resources */,
				9FB47E651F480A43009D82FF /* Main.storyboard in Resources */,
			);
			runOnlyForDeploymentPostprocessing = 0;
		};
		9FB47E691F480A43009D82FF /* Resources */ = {
			isa = PBXResourcesBuildPhase;
			buildActionMask = 2147483647;
			files = (
			);
			runOnlyForDeploymentPostprocessing = 0;
		};
		9FB47E741F480A43009D82FF /* Resources */ = {
			isa = PBXResourcesBuildPhase;
			buildActionMask = 2147483647;
			files = (
			);
			runOnlyForDeploymentPostprocessing = 0;
		};
/* End PBXResourcesBuildPhase section */

/* Begin PBXSourcesBuildPhase section */
		9FB47E561F480A43009D82FF /* Sources */ = {
			isa = PBXSourcesBuildPhase;
			buildActionMask = 2147483647;
			files = (
				9FB47E601F480A43009D82FF /* ViewController.swift in Sources */,
				9FB47E5E1F480A43009D82FF /* AppDelegate.swift in Sources */,
			);
			runOnlyForDeploymentPostprocessing = 0;
		};
		9FB47E671F480A43009D82FF /* Sources */ = {
			isa = PBXSourcesBuildPhase;
			buildActionMask = 2147483647;
			files = (
				9FB47E701F480A43009D82FF /* Adjustable_ClockTests.swift in Sources */,
			);
			runOnlyForDeploymentPostprocessing = 0;
		};
		9FB47E721F480A43009D82FF /* Sources */ = {
			isa = PBXSourcesBuildPhase;
			buildActionMask = 2147483647;
			files = (
				9FB47E7B1F480A43009D82FF /* Adjustable_ClockUITests.swift in Sources */,
			);
			runOnlyForDeploymentPostprocessing = 0;
		};
/* End PBXSourcesBuildPhase section */

/* Begin PBXTargetDependency section */
		9FB47E6D1F480A43009D82FF /* PBXTargetDependency */ = {
			isa = PBXTargetDependency;
			target = 9FB47E591F480A43009D82FF /* Adjustable Clock */;
			targetProxy = 9FB47E6C1F480A43009D82FF /* PBXContainerItemProxy */;
		};
		9FB47E781F480A43009D82FF /* PBXTargetDependency */ = {
			isa = PBXTargetDependency;
			target = 9FB47E591F480A43009D82FF /* Adjustable Clock */;
			targetProxy = 9FB47E771F480A43009D82FF /* PBXContainerItemProxy */;
		};
/* End PBXTargetDependency section */

/* Begin PBXVariantGroup section */
		9FB47E631F480A43009D82FF /* Main.storyboard */ = {
			isa = PBXVariantGroup;
			children = (
				9FB47E641F480A43009D82FF /* Base */,
			);
			name = Main.storyboard;
			sourceTree = "<group>";
		};
/* End PBXVariantGroup section */

/* Begin XCBuildConfiguration section */
		9FB47E7D1F480A43009D82FF /* Debug */ = {
			isa = XCBuildConfiguration;
			buildSettings = {
				ALWAYS_SEARCH_USER_PATHS = NO;
				CLANG_ANALYZER_NONNULL = YES;
				CLANG_ANALYZER_NUMBER_OBJECT_CONVERSION = YES_AGGRESSIVE;
				CLANG_CXX_LANGUAGE_STANDARD = "gnu++0x";
				CLANG_CXX_LIBRARY = "libc++";
				CLANG_ENABLE_MODULES = YES;
				CLANG_ENABLE_OBJC_ARC = YES;
				CLANG_WARN_BOOL_CONVERSION = YES;
				CLANG_WARN_CONSTANT_CONVERSION = YES;
				CLANG_WARN_DIRECT_OBJC_ISA_USAGE = YES_ERROR;
				CLANG_WARN_DOCUMENTATION_COMMENTS = YES;
				CLANG_WARN_EMPTY_BODY = YES;
				CLANG_WARN_ENUM_CONVERSION = YES;
				CLANG_WARN_INFINITE_RECURSION = YES;
				CLANG_WARN_INT_CONVERSION = YES;
				CLANG_WARN_OBJC_ROOT_CLASS = YES_ERROR;
				CLANG_WARN_SUSPICIOUS_MOVE = YES;
				CLANG_WARN_UNREACHABLE_CODE = YES;
				CLANG_WARN__DUPLICATE_METHOD_MATCH = YES;
				CODE_SIGN_IDENTITY = "-";
				COPY_PHASE_STRIP = NO;
				DEBUG_INFORMATION_FORMAT = dwarf;
				ENABLE_STRICT_OBJC_MSGSEND = YES;
				ENABLE_TESTABILITY = YES;
				GCC_C_LANGUAGE_STANDARD = gnu99;
				GCC_DYNAMIC_NO_PIC = NO;
				GCC_NO_COMMON_BLOCKS = YES;
				GCC_OPTIMIZATION_LEVEL = 0;
				GCC_PREPROCESSOR_DEFINITIONS = (
					"DEBUG=1",
					"$(inherited)",
				);
				GCC_WARN_64_TO_32_BIT_CONVERSION = YES;
				GCC_WARN_ABOUT_RETURN_TYPE = YES_ERROR;
				GCC_WARN_UNDECLARED_SELECTOR = YES;
				GCC_WARN_UNINITIALIZED_AUTOS = YES_AGGRESSIVE;
				GCC_WARN_UNUSED_FUNCTION = YES;
				GCC_WARN_UNUSED_VARIABLE = YES;
				MACOSX_DEPLOYMENT_TARGET = 10.12;
				MTL_ENABLE_DEBUG_INFO = YES;
				ONLY_ACTIVE_ARCH = YES;
				SDKROOT = macosx;
				SWIFT_ACTIVE_COMPILATION_CONDITIONS = DEBUG;
				SWIFT_OPTIMIZATION_LEVEL = "-Onone";
			};
			name = Debug;
		};
		9FB47E7E1F480A43009D82FF /* Release */ = {
			isa = XCBuildConfiguration;
			buildSettings = {
				ALWAYS_SEARCH_USER_PATHS = NO;
				CLANG_ANALYZER_NONNULL = YES;
				CLANG_ANALYZER_NUMBER_OBJECT_CONVERSION = YES_AGGRESSIVE;
				CLANG_CXX_LANGUAGE_STANDARD = "gnu++0x";
				CLANG_CXX_LIBRARY = "libc++";
				CLANG_ENABLE_MODULES = YES;
				CLANG_ENABLE_OBJC_ARC = YES;
				CLANG_WARN_BOOL_CONVERSION = YES;
				CLANG_WARN_CONSTANT_CONVERSION = YES;
				CLANG_WARN_DIRECT_OBJC_ISA_USAGE = YES_ERROR;
				CLANG_WARN_DOCUMENTATION_COMMENTS = YES;
				CLANG_WARN_EMPTY_BODY = YES;
				CLANG_WARN_ENUM_CONVERSION = YES;
				CLANG_WARN_INFINITE_RECURSION = YES;
				CLANG_WARN_INT_CONVERSION = YES;
				CLANG_WARN_OBJC_ROOT_CLASS = YES_ERROR;
				CLANG_WARN_SUSPICIOUS_MOVE = YES;
				CLANG_WARN_UNREACHABLE_CODE = YES;
				CLANG_WARN__DUPLICATE_METHOD_MATCH = YES;
				CODE_SIGN_IDENTITY = "-";
				COPY_PHASE_STRIP = NO;
				DEBUG_INFORMATION_FORMAT = "dwarf-with-dsym";
				ENABLE_NS_ASSERTIONS = NO;
				ENABLE_STRICT_OBJC_MSGSEND = YES;
				GCC_C_LANGUAGE_STANDARD = gnu99;
				GCC_NO_COMMON_BLOCKS = YES;
				GCC_WARN_64_TO_32_BIT_CONVERSION = YES;
				GCC_WARN_ABOUT_RETURN_TYPE = YES_ERROR;
				GCC_WARN_UNDECLARED_SELECTOR = YES;
				GCC_WARN_UNINITIALIZED_AUTOS = YES_AGGRESSIVE;
				GCC_WARN_UNUSED_FUNCTION = YES;
				GCC_WARN_UNUSED_VARIABLE = YES;
				MACOSX_DEPLOYMENT_TARGET = 10.12;
				MTL_ENABLE_DEBUG_INFO = NO;
				SDKROOT = macosx;
				SWIFT_OPTIMIZATION_LEVEL = "-Owholemodule";
			};
			name = Release;
		};
		9FB47E801F480A43009D82FF /* Debug */ = {
			isa = XCBuildConfiguration;
			buildSettings = {
				ASSETCATALOG_COMPILER_APPICON_NAME = AppIcon;
				COMBINE_HIDPI_IMAGES = YES;
				DEVELOPMENT_TEAM = 8ZAMGA7E3H;
				INFOPLIST_FILE = "Adjustable Clock/Info.plist";
				LD_RUNPATH_SEARCH_PATHS = "$(inherited) @executable_path/../Frameworks";
				PRODUCT_BUNDLE_IDENTIFIER = "Mac-App.Adjustable-Clock";
				PRODUCT_NAME = "$(TARGET_NAME)";
				SWIFT_VERSION = 3.0;
			};
			name = Debug;
		};
		9FB47E811F480A43009D82FF /* Release */ = {
			isa = XCBuildConfiguration;
			buildSettings = {
				ASSETCATALOG_COMPILER_APPICON_NAME = AppIcon;
				COMBINE_HIDPI_IMAGES = YES;
				DEVELOPMENT_TEAM = 8ZAMGA7E3H;
				INFOPLIST_FILE = "Adjustable Clock/Info.plist";
				LD_RUNPATH_SEARCH_PATHS = "$(inherited) @executable_path/../Frameworks";
				PRODUCT_BUNDLE_IDENTIFIER = "Mac-App.Adjustable-Clock";
				PRODUCT_NAME = "$(TARGET_NAME)";
				SWIFT_VERSION = 3.0;
			};
			name = Release;
		};
		9FB47E831F480A43009D82FF /* Debug */ = {
			isa = XCBuildConfiguration;
			buildSettings = {
				ALWAYS_EMBED_SWIFT_STANDARD_LIBRARIES = YES;
				BUNDLE_LOADER = "$(TEST_HOST)";
				COMBINE_HIDPI_IMAGES = YES;
				DEVELOPMENT_TEAM = 8ZAMGA7E3H;
				INFOPLIST_FILE = "Adjustable ClockTests/Info.plist";
				LD_RUNPATH_SEARCH_PATHS = "$(inherited) @executable_path/../Frameworks @loader_path/../Frameworks";
				PRODUCT_BUNDLE_IDENTIFIER = "Mac-App.Adjustable-ClockTests";
				PRODUCT_NAME = "$(TARGET_NAME)";
				SWIFT_VERSION = 3.0;
				TEST_HOST = "$(BUILT_PRODUCTS_DIR)/Adjustable Clock.app/Contents/MacOS/Adjustable Clock";
			};
			name = Debug;
		};
		9FB47E841F480A43009D82FF /* Release */ = {
			isa = XCBuildConfiguration;
			buildSettings = {
				ALWAYS_EMBED_SWIFT_STANDARD_LIBRARIES = YES;
				BUNDLE_LOADER = "$(TEST_HOST)";
				COMBINE_HIDPI_IMAGES = YES;
				DEVELOPMENT_TEAM = 8ZAMGA7E3H;
				INFOPLIST_FILE = "Adjustable ClockTests/Info.plist";
				LD_RUNPATH_SEARCH_PATHS = "$(inherited) @executable_path/../Frameworks @loader_path/../Frameworks";
				PRODUCT_BUNDLE_IDENTIFIER = "Mac-App.Adjustable-ClockTests";
				PRODUCT_NAME = "$(TARGET_NAME)";
				SWIFT_VERSION = 3.0;
				TEST_HOST = "$(BUILT_PRODUCTS_DIR)/Adjustable Clock.app/Contents/MacOS/Adjustable Clock";
			};
			name = Release;
		};
		9FB47E861F480A43009D82FF /* Debug */ = {
			isa = XCBuildConfiguration;
			buildSettings = {
				ALWAYS_EMBED_SWIFT_STANDARD_LIBRARIES = YES;
				COMBINE_HIDPI_IMAGES = YES;
				DEVELOPMENT_TEAM = 8ZAMGA7E3H;
				INFOPLIST_FILE = "Adjustable ClockUITests/Info.plist";
				LD_RUNPATH_SEARCH_PATHS = "$(inherited) @executable_path/../Frameworks @loader_path/../Frameworks";
				PRODUCT_BUNDLE_IDENTIFIER = "Mac-App.Adjustable-ClockUITests";
				PRODUCT_NAME = "$(TARGET_NAME)";
				SWIFT_VERSION = 3.0;
				TEST_TARGET_NAME = "Adjustable Clock";
			};
			name = Debug;
		};
		9FB47E871F480A43009D82FF /* Release */ = {
			isa = XCBuildConfiguration;
			buildSettings = {
				ALWAYS_EMBED_SWIFT_STANDARD_LIBRARIES = YES;
				COMBINE_HIDPI_IMAGES = YES;
				DEVELOPMENT_TEAM = 8ZAMGA7E3H;
				INFOPLIST_FILE = "Adjustable ClockUITests/Info.plist";
				LD_RUNPATH_SEARCH_PATHS = "$(inherited) @executable_path/../Frameworks @loader_path/../Frameworks";
				PRODUCT_BUNDLE_IDENTIFIER = "Mac-App.Adjustable-ClockUITests";
				PRODUCT_NAME = "$(TARGET_NAME)";
				SWIFT_VERSION = 3.0;
				TEST_TARGET_NAME = "Adjustable Clock";
			};
			name = Release;
		};
/* End XCBuildConfiguration section */

/* Begin XCConfigurationList section */
		9FB47E551F480A43009D82FF /* Build configuration list for PBXProject "Adjustable Clock" */ = {
			isa = XCConfigurationList;
			buildConfigurations = (
				9FB47E7D1F480A43009D82FF /* Debug */,
				9FB47E7E1F480A43009D82FF /* Release */,
			);
			defaultConfigurationIsVisible = 0;
			defaultConfigurationName = Release;
		};
		9FB47E7F1F480A43009D82FF /* Build configuration list for PBXNativeTarget "Adjustable Clock" */ = {
			isa = XCConfigurationList;
			buildConfigurations = (
				9FB47E801F480A43009D82FF /* Debug */,
				9FB47E811F480A43009D82FF /* Release */,
			);
			defaultConfigurationIsVisible = 0;
		};
		9FB47E821F480A43009D82FF /* Build configuration list for PBXNativeTarget "Adjustable ClockTests" */ = {
			isa = XCConfigurationList;
			buildConfigurations = (
				9FB47E831F480A43009D82FF /* Debug */,
				9FB47E841F480A43009D82FF /* Release */,
			);
			defaultConfigurationIsVisible = 0;
		};
		9FB47E851F480A43009D82FF /* Build configuration list for PBXNativeTarget "Adjustable ClockUITests" */ = {
			isa = XCConfigurationList;
			buildConfigurations = (
				9FB47E861F480A43009D82FF /* Debug */,
				9FB47E871F480A43009D82FF /* Release */,
			);
			defaultConfigurationIsVisible = 0;
		};
/* End XCConfigurationList section */
	};
	rootObject = 9FB47E521F480A43009D82FF /* Project object */;
}
