// !$*UTF8*$!
{
	archiveVersion = 1;
	classes = {
	};
	objectVersion = 46;
	objects = {

/* Begin PBXBuildFile section */
		9F04FDF120EDF9D5002B0FAD /* UserInterfaceItemIdentifiers.swift in Sources */ = {isa = PBXBuildFile; fileRef = 9F04FDF020EDF9D5002B0FAD /* UserInterfaceItemIdentifiers.swift */; };
		9F3C7D6A20CCE40D00C91506 /* ClockPreferencesStorage.swift in Sources */ = {isa = PBXBuildFile; fileRef = 9F3C7D6920CCE40D00C91506 /* ClockPreferencesStorage.swift */; };
		9F4D87452055E99400AF63D1 /* DigitalClockWC.swift in Sources */ = {isa = PBXBuildFile; fileRef = 9F4D87442055E99400AF63D1 /* DigitalClockWC.swift */; };
		9F4EF1E320C273CB00E08C57 /* ColorModel.swift in Sources */ = {isa = PBXBuildFile; fileRef = 9F4EF1E220C273CB00E08C57 /* ColorModel.swift */; };
		9F538C4D2116AC1500A72242 /* SimplePreferencesWC.swift in Sources */ = {isa = PBXBuildFile; fileRef = 9F538C4C2116AC1500A72242 /* SimplePreferencesWC.swift */; };
		9F538C4F2116B06300A72242 /* SimplePreferencesVC.swift in Sources */ = {isa = PBXBuildFile; fileRef = 9F538C4E2116B06300A72242 /* SimplePreferencesVC.swift */; };
		9F538C512116B0AF00A72242 /* SimplePreferencesController.swift in Sources */ = {isa = PBXBuildFile; fileRef = 9F538C502116B0AF00A72242 /* SimplePreferencesController.swift */; };
		9F6974772065BA19007886DE /* PreferencesController.swift in Sources */ = {isa = PBXBuildFile; fileRef = 9F6974762065BA19007886DE /* PreferencesController.swift */; };
		9F7174A11F5DADE800595C8D /* DigItalClockAppFunctions.swift in Sources */ = {isa = PBXBuildFile; fileRef = 9F7174A01F5DADE800595C8D /* DigItalClockAppFunctions.swift */; };
		9F750CC02056073F007980F9 /* DefaultNSWindow.swift in Sources */ = {isa = PBXBuildFile; fileRef = 9F750CBF2056073F007980F9 /* DefaultNSWindow.swift */; };
		9F793AAD2063849C00AF703E /* DigitalClockModel.swift in Sources */ = {isa = PBXBuildFile; fileRef = 9F793AAC2063849C00AF703E /* DigitalClockModel.swift */; };
		9F8BF21720EEBEFE00ADF294 /* ColorsMenuController.swift in Sources */ = {isa = PBXBuildFile; fileRef = 9F8BF21620EEBEFE00ADF294 /* ColorsMenuController.swift */; };
		9F8EBE482050C4C7005BA4F2 /* DigitalClockVC.swift in Sources */ = {isa = PBXBuildFile; fileRef = 9F8EBE472050C4C7005BA4F2 /* DigitalClockVC.swift */; };
		9F8ED1711FEC73C100C0553C /* WindowFrameRestorer.swift in Sources */ = {isa = PBXBuildFile; fileRef = 9F8ED1701FEC73C100C0553C /* WindowFrameRestorer.swift */; };
		9FB47E5E1F480A43009D82FF /* AppDelegate.swift in Sources */ = {isa = PBXBuildFile; fileRef = 9FB47E5D1F480A43009D82FF /* AppDelegate.swift */; };
		9FB47E621F480A43009D82FF /* Assets.xcassets in Resources */ = {isa = PBXBuildFile; fileRef = 9FB47E611F480A43009D82FF /* Assets.xcassets */; };
		9FB47E651F480A43009D82FF /* Main.storyboard in Resources */ = {isa = PBXBuildFile; fileRef = 9FB47E631F480A43009D82FF /* Main.storyboard */; };
		9FB47E701F480A43009D82FF /* Adjustable_ClockTests.swift in Sources */ = {isa = PBXBuildFile; fileRef = 9FB47E6F1F480A43009D82FF /* Adjustable_ClockTests.swift */; };
		9FB47E7B1F480A43009D82FF /* Adjustable_ClockUITests.swift in Sources */ = {isa = PBXBuildFile; fileRef = 9FB47E7A1F480A43009D82FF /* Adjustable_ClockUITests.swift */; };
		9FBBCCA520DDDD9F00F44160 /* NSImageTemplateExtension.swift in Sources */ = {isa = PBXBuildFile; fileRef = 9FBBCCA420DDDD9F00F44160 /* NSImageTemplateExtension.swift */; };
		9FC97F581F480BB500035D30 /* PreferencesVC.swift in Sources */ = {isa = PBXBuildFile; fileRef = 9FC97F531F480BB500035D30 /* PreferencesVC.swift */; };
		9FC97F591F480BB500035D30 /* PreferencesWC.swift in Sources */ = {isa = PBXBuildFile; fileRef = 9FC97F541F480BB500035D30 /* PreferencesWC.swift */; };
		9FE390851FECBCE300AF5442 /* ClockWindowRestorer.swift in Sources */ = {isa = PBXBuildFile; fileRef = 9FE390841FECBCE300AF5442 /* ClockWindowRestorer.swift */; };
		9FE390871FECBCF400AF5442 /* PreferencesWindowRestorer.swift in Sources */ = {isa = PBXBuildFile; fileRef = 9FE390861FECBCF400AF5442 /* PreferencesWindowRestorer.swift */; };
		9FEAE9DD1F4F7249004EB641 /* MainMenu.swift in Sources */ = {isa = PBXBuildFile; fileRef = 9FEAE9DC1F4F7249004EB641 /* MainMenu.swift */; };
/* End PBXBuildFile section */

/* Begin PBXContainerItemProxy section */
		9FB47E6C1F480A43009D82FF /* PBXContainerItemProxy */ = {
			isa = PBXContainerItemProxy;
			containerPortal = 9FB47E521F480A43009D82FF /* Project object */;
			proxyType = 1;
			remoteGlobalIDString = 9FB47E591F480A43009D82FF;
			remoteInfo = "Adjustable Clock";
		};
		9FB47E771F480A43009D82FF /* PBXContainerItemProxy */ = {
			isa = PBXContainerItemProxy;
			containerPortal = 9FB47E521F480A43009D82FF /* Project object */;
			proxyType = 1;
			remoteGlobalIDString = 9FB47E591F480A43009D82FF;
			remoteInfo = "Adjustable Clock";
		};
/* End PBXContainerItemProxy section */

/* Begin PBXFileReference section */
		9F04FDF020EDF9D5002B0FAD /* UserInterfaceItemIdentifiers.swift */ = {isa = PBXFileReference; lastKnownFileType = sourcecode.swift; path = UserInterfaceItemIdentifiers.swift; sourceTree = "<group>"; };
		9F3C7D6920CCE40D00C91506 /* ClockPreferencesStorage.swift */ = {isa = PBXFileReference; lastKnownFileType = sourcecode.swift; path = ClockPreferencesStorage.swift; sourceTree = "<group>"; };
		9F4D87442055E99400AF63D1 /* DigitalClockWC.swift */ = {isa = PBXFileReference; fileEncoding = 4; lastKnownFileType = sourcecode.swift; path = DigitalClockWC.swift; sourceTree = "<group>"; };
		9F4EF1E220C273CB00E08C57 /* ColorModel.swift */ = {isa = PBXFileReference; lastKnownFileType = sourcecode.swift; path = ColorModel.swift; sourceTree = "<group>"; };
		9F538C4C2116AC1500A72242 /* SimplePreferencesWC.swift */ = {isa = PBXFileReference; lastKnownFileType = sourcecode.swift; path = SimplePreferencesWC.swift; sourceTree = "<group>"; };
		9F538C4E2116B06300A72242 /* SimplePreferencesVC.swift */ = {isa = PBXFileReference; lastKnownFileType = sourcecode.swift; path = SimplePreferencesVC.swift; sourceTree = "<group>"; };
		9F538C502116B0AF00A72242 /* SimplePreferencesController.swift */ = {isa = PBXFileReference; lastKnownFileType = sourcecode.swift; path = SimplePreferencesController.swift; sourceTree = "<group>"; };
		9F6974762065BA19007886DE /* PreferencesController.swift */ = {isa = PBXFileReference; lastKnownFileType = sourcecode.swift; path = PreferencesController.swift; sourceTree = "<group>"; };
		9F7174A01F5DADE800595C8D /* DigItalClockAppFunctions.swift */ = {isa = PBXFileReference; fileEncoding = 4; lastKnownFileType = sourcecode.swift; path = DigItalClockAppFunctions.swift; sourceTree = "<group>"; };
		9F750CBF2056073F007980F9 /* DefaultNSWindow.swift */ = {isa = PBXFileReference; lastKnownFileType = sourcecode.swift; path = DefaultNSWindow.swift; sourceTree = "<group>"; };
		9F793AAC2063849C00AF703E /* DigitalClockModel.swift */ = {isa = PBXFileReference; lastKnownFileType = sourcecode.swift; path = DigitalClockModel.swift; sourceTree = "<group>"; };
		9F8BF21620EEBEFE00ADF294 /* ColorsMenuController.swift */ = {isa = PBXFileReference; lastKnownFileType = sourcecode.swift; path = ColorsMenuController.swift; sourceTree = "<group>"; };
		9F8EBE472050C4C7005BA4F2 /* DigitalClockVC.swift */ = {isa = PBXFileReference; fileEncoding = 4; lastKnownFileType = sourcecode.swift; path = DigitalClockVC.swift; sourceTree = "<group>"; };
		9F8ED1701FEC73C100C0553C /* WindowFrameRestorer.swift */ = {isa = PBXFileReference; lastKnownFileType = sourcecode.swift; path = WindowFrameRestorer.swift; sourceTree = "<group>"; };
		9FB47E5A1F480A43009D82FF /* Adjustable Clock.app */ = {isa = PBXFileReference; explicitFileType = wrapper.application; includeInIndex = 0; path = "Adjustable Clock.app"; sourceTree = BUILT_PRODUCTS_DIR; };
		9FB47E5D1F480A43009D82FF /* AppDelegate.swift */ = {isa = PBXFileReference; lastKnownFileType = sourcecode.swift; path = AppDelegate.swift; sourceTree = "<group>"; };
		9FB47E611F480A43009D82FF /* Assets.xcassets */ = {isa = PBXFileReference; lastKnownFileType = folder.assetcatalog; path = Assets.xcassets; sourceTree = "<group>"; };
		9FB47E641F480A43009D82FF /* Base */ = {isa = PBXFileReference; lastKnownFileType = file.storyboard; name = Base; path = Base.lproj/Main.storyboard; sourceTree = "<group>"; };
		9FB47E661F480A43009D82FF /* Info.plist */ = {isa = PBXFileReference; lastKnownFileType = text.plist.xml; path = Info.plist; sourceTree = "<group>"; };
		9FB47E6B1F480A43009D82FF /* Adjustable ClockTests.xctest */ = {isa = PBXFileReference; explicitFileType = wrapper.cfbundle; includeInIndex = 0; path = "Adjustable ClockTests.xctest"; sourceTree = BUILT_PRODUCTS_DIR; };
		9FB47E6F1F480A43009D82FF /* Adjustable_ClockTests.swift */ = {isa = PBXFileReference; lastKnownFileType = sourcecode.swift; path = Adjustable_ClockTests.swift; sourceTree = "<group>"; };
		9FB47E711F480A43009D82FF /* Info.plist */ = {isa = PBXFileReference; lastKnownFileType = text.plist.xml; path = Info.plist; sourceTree = "<group>"; };
		9FB47E761F480A43009D82FF /* Adjustable ClockUITests.xctest */ = {isa = PBXFileReference; explicitFileType = wrapper.cfbundle; includeInIndex = 0; path = "Adjustable ClockUITests.xctest"; sourceTree = BUILT_PRODUCTS_DIR; };
		9FB47E7A1F480A43009D82FF /* Adjustable_ClockUITests.swift */ = {isa = PBXFileReference; lastKnownFileType = sourcecode.swift; path = Adjustable_ClockUITests.swift; sourceTree = "<group>"; };
		9FB47E7C1F480A43009D82FF /* Info.plist */ = {isa = PBXFileReference; lastKnownFileType = text.plist.xml; path = Info.plist; sourceTree = "<group>"; };
		9FBBCCA420DDDD9F00F44160 /* NSImageTemplateExtension.swift */ = {isa = PBXFileReference; lastKnownFileType = sourcecode.swift; path = NSImageTemplateExtension.swift; sourceTree = "<group>"; };
		9FC97F531F480BB500035D30 /* PreferencesVC.swift */ = {isa = PBXFileReference; fileEncoding = 4; lastKnownFileType = sourcecode.swift; path = PreferencesVC.swift; sourceTree = "<group>"; };
		9FC97F541F480BB500035D30 /* PreferencesWC.swift */ = {isa = PBXFileReference; fileEncoding = 4; lastKnownFileType = sourcecode.swift; path = PreferencesWC.swift; sourceTree = "<group>"; };
		9FE390841FECBCE300AF5442 /* ClockWindowRestorer.swift */ = {isa = PBXFileReference; lastKnownFileType = sourcecode.swift; path = ClockWindowRestorer.swift; sourceTree = "<group>"; };
		9FE390861FECBCF400AF5442 /* PreferencesWindowRestorer.swift */ = {isa = PBXFileReference; lastKnownFileType = sourcecode.swift; path = PreferencesWindowRestorer.swift; sourceTree = "<group>"; };
		9FEAE9DC1F4F7249004EB641 /* MainMenu.swift */ = {isa = PBXFileReference; fileEncoding = 4; lastKnownFileType = sourcecode.swift; path = MainMenu.swift; sourceTree = "<group>"; };
/* End PBXFileReference section */

/* Begin PBXFrameworksBuildPhase section */
		9FB47E571F480A43009D82FF /* Frameworks */ = {
			isa = PBXFrameworksBuildPhase;
			buildActionMask = 2147483647;
			files = (
			);
			runOnlyForDeploymentPostprocessing = 0;
		};
		9FB47E681F480A43009D82FF /* Frameworks */ = {
			isa = PBXFrameworksBuildPhase;
			buildActionMask = 2147483647;
			files = (
			);
			runOnlyForDeploymentPostprocessing = 0;
		};
		9FB47E731F480A43009D82FF /* Frameworks */ = {
			isa = PBXFrameworksBuildPhase;
			buildActionMask = 2147483647;
			files = (
			);
			runOnlyForDeploymentPostprocessing = 0;
		};
/* End PBXFrameworksBuildPhase section */

/* Begin PBXGroup section */
		9F7DF9422066094400CC0DF6 /* Digital Clock */ = {
			isa = PBXGroup;
			children = (
				9F793AAC2063849C00AF703E /* DigitalClockModel.swift */,
				9F4D87442055E99400AF63D1 /* DigitalClockWC.swift */,
				9F8EBE472050C4C7005BA4F2 /* DigitalClockVC.swift */,
				9F3C7D6920CCE40D00C91506 /* ClockPreferencesStorage.swift */,
			);
			path = "Digital Clock";
			sourceTree = "<group>";
		};
		9F7DF9432066097C00CC0DF6 /* Preferences */ = {
			isa = PBXGroup;
			children = (
				9F538C4C2116AC1500A72242 /* SimplePreferencesWC.swift */,
				9F538C4E2116B06300A72242 /* SimplePreferencesVC.swift */,
				9F538C502116B0AF00A72242 /* SimplePreferencesController.swift */,
			);
			path = Preferences;
			sourceTree = "<group>";
		};
		9F86695B203BBAD30074C1BA /* Filler UI Classes */ = {
			isa = PBXGroup;
			children = (
				9F750CBF2056073F007980F9 /* DefaultNSWindow.swift */,
			);
			path = "Filler UI Classes";
			sourceTree = "<group>";
		};
		9F9DC04E20689F43000BD988 /* Main Menu */ = {
			isa = PBXGroup;
			children = (
				9FEAE9DC1F4F7249004EB641 /* MainMenu.swift */,
				9F8BF21620EEBEFE00ADF294 /* ColorsMenuController.swift */,
			);
			path = "Main Menu";
			sourceTree = "<group>";
		};
		9F9DC04F2068A095000BD988 /* Color Model */ = {
			isa = PBXGroup;
			children = (
				9F4EF1E220C273CB00E08C57 /* ColorModel.swift */,
			);
			path = "Color Model";
			sourceTree = "<group>";
		};
		9FABAA29216595BF00161D83 /* Code to Discard? */ = {
			isa = PBXGroup;
			children = (
				9FC97F541F480BB500035D30 /* PreferencesWC.swift */,
				9FC97F531F480BB500035D30 /* PreferencesVC.swift */,
				9F6974762065BA19007886DE /* PreferencesController.swift */,
			);
			path = "Code to Discard?";
			sourceTree = "<group>";
		};
		9FB47E511F480A43009D82FF = {
			isa = PBXGroup;
			children = (
				9FB47E5C1F480A43009D82FF /* Adjustable Clock */,
				9FB47E6E1F480A43009D82FF /* Adjustable ClockTests */,
				9FB47E791F480A43009D82FF /* Adjustable ClockUITests */,
				9FB47E5B1F480A43009D82FF /* Products */,
			);
			sourceTree = "<group>";
		};
		9FB47E5B1F480A43009D82FF /* Products */ = {
			isa = PBXGroup;
			children = (
				9FB47E5A1F480A43009D82FF /* Adjustable Clock.app */,
				9FB47E6B1F480A43009D82FF /* Adjustable ClockTests.xctest */,
				9FB47E761F480A43009D82FF /* Adjustable ClockUITests.xctest */,
			);
			name = Products;
			sourceTree = "<group>";
		};
		9FB47E5C1F480A43009D82FF /* Adjustable Clock */ = {
			isa = PBXGroup;
			children = (
				9FB47E5D1F480A43009D82FF /* AppDelegate.swift */,
				9FEA8C8B1FECCF3A002D3960 /* Loading And Saving Windows */,
				9F7DF9422066094400CC0DF6 /* Digital Clock */,
				9F9DC04E20689F43000BD988 /* Main Menu */,
				9F7DF9432066097C00CC0DF6 /* Preferences */,
				9F9DC04F2068A095000BD988 /* Color Model */,
				9FBBCCA320DDDD5900F44160 /* UI Identifiers */,
				9F86695B203BBAD30074C1BA /* Filler UI Classes */,
				9FB5FA1F20C8F5B200EE8963 /* Utilities */,
				9FB47E611F480A43009D82FF /* Assets.xcassets */,
				9FB47E631F480A43009D82FF /* Main.storyboard */,
				9FABAA29216595BF00161D83 /* Code to Discard? */,
				9FB47E661F480A43009D82FF /* Info.plist */,
			);
			path = "Adjustable Clock";
			sourceTree = "<group>";
		};
		9FB47E6E1F480A43009D82FF /* Adjustable ClockTests */ = {
			isa = PBXGroup;
			children = (
				9FB47E6F1F480A43009D82FF /* Adjustable_ClockTests.swift */,
				9FB47E711F480A43009D82FF /* Info.plist */,
			);
			path = "Adjustable ClockTests";
			sourceTree = "<group>";
		};
		9FB47E791F480A43009D82FF /* Adjustable ClockUITests */ = {
			isa = PBXGroup;
			children = (
				9FB47E7A1F480A43009D82FF /* Adjustable_ClockUITests.swift */,
				9FB47E7C1F480A43009D82FF /* Info.plist */,
			);
			path = "Adjustable ClockUITests";
			sourceTree = "<group>";
		};
		9FB5FA1F20C8F5B200EE8963 /* Utilities */ = {
			isa = PBXGroup;
			children = (
				9FBBCCA420DDDD9F00F44160 /* NSImageTemplateExtension.swift */,
				9F7174A01F5DADE800595C8D /* DigItalClockAppFunctions.swift */,
			);
			path = Utilities;
			sourceTree = "<group>";
		};
		9FBBCCA320DDDD5900F44160 /* UI Identifiers */ = {
			isa = PBXGroup;
			children = (
				9F04FDF020EDF9D5002B0FAD /* UserInterfaceItemIdentifiers.swift */,
			);
			path = "UI Identifiers";
			sourceTree = "<group>";
		};
		9FEA8C8B1FECCF3A002D3960 /* Loading And Saving Windows */ = {
			isa = PBXGroup;
			children = (
				9F8ED1701FEC73C100C0553C /* WindowFrameRestorer.swift */,
				9FE390841FECBCE300AF5442 /* ClockWindowRestorer.swift */,
				9FE390861FECBCF400AF5442 /* PreferencesWindowRestorer.swift */,
			);
			path = "Loading And Saving Windows";
			sourceTree = "<group>";
		};
/* End PBXGroup section */

/* Begin PBXNativeTarget section */
		9FB47E591F480A43009D82FF /* Adjustable Clock */ = {
			isa = PBXNativeTarget;
			buildConfigurationList = 9FB47E7F1F480A43009D82FF /* Build configuration list for PBXNativeTarget "Adjustable Clock" */;
			buildPhases = (
				9FB47E561F480A43009D82FF /* Sources */,
				9FB47E571F480A43009D82FF /* Frameworks */,
				9FB47E581F480A43009D82FF /* Resources */,
				9F67F55523B5D478004D0850 /* ShellScript */,
			);
			buildRules = (
			);
			dependencies = (
			);
			name = "Adjustable Clock";
			productName = "Adjustable Clock";
			productReference = 9FB47E5A1F480A43009D82FF /* Adjustable Clock.app */;
			productType = "com.apple.product-type.application";
		};
		9FB47E6A1F480A43009D82FF /* Adjustable ClockTests */ = {
			isa = PBXNativeTarget;
			buildConfigurationList = 9FB47E821F480A43009D82FF /* Build configuration list for PBXNativeTarget "Adjustable ClockTests" */;
			buildPhases = (
				9FB47E671F480A43009D82FF /* Sources */,
				9FB47E681F480A43009D82FF /* Frameworks */,
				9FB47E691F480A43009D82FF /* Resources */,
			);
			buildRules = (
			);
			dependencies = (
				9FB47E6D1F480A43009D82FF /* PBXTargetDependency */,
			);
			name = "Adjustable ClockTests";
			productName = "Adjustable ClockTests";
			productReference = 9FB47E6B1F480A43009D82FF /* Adjustable ClockTests.xctest */;
			productType = "com.apple.product-type.bundle.unit-test";
		};
		9FB47E751F480A43009D82FF /* Adjustable ClockUITests */ = {
			isa = PBXNativeTarget;
			buildConfigurationList = 9FB47E851F480A43009D82FF /* Build configuration list for PBXNativeTarget "Adjustable ClockUITests" */;
			buildPhases = (
				9FB47E721F480A43009D82FF /* Sources */,
				9FB47E731F480A43009D82FF /* Frameworks */,
				9FB47E741F480A43009D82FF /* Resources */,
			);
			buildRules = (
			);
			dependencies = (
				9FB47E781F480A43009D82FF /* PBXTargetDependency */,
			);
			name = "Adjustable ClockUITests";
			productName = "Adjustable ClockUITests";
			productReference = 9FB47E761F480A43009D82FF /* Adjustable ClockUITests.xctest */;
			productType = "com.apple.product-type.bundle.ui-testing";
		};
/* End PBXNativeTarget section */

/* Begin PBXProject section */
		9FB47E521F480A43009D82FF /* Project object */ = {
			isa = PBXProject;
			attributes = {
				LastSwiftUpdateCheck = 0830;
				LastUpgradeCheck = 0940;
				ORGANIZATIONNAME = "Celeritas Apps";
				TargetAttributes = {
					9FB47E591F480A43009D82FF = {
						CreatedOnToolsVersion = 8.3.3;
						DevelopmentTeam = 8ZAMGA7E3H;
						LastSwiftMigration = 1130;
						ProvisioningStyle = Automatic;
					};
					9FB47E6A1F480A43009D82FF = {
						CreatedOnToolsVersion = 8.3.3;
						DevelopmentTeam = 8ZAMGA7E3H;
						LastSwiftMigration = 1130;
						ProvisioningStyle = Automatic;
						TestTargetID = 9FB47E591F480A43009D82FF;
					};
					9FB47E751F480A43009D82FF = {
						CreatedOnToolsVersion = 8.3.3;
						DevelopmentTeam = 8ZAMGA7E3H;
						LastSwiftMigration = 1130;
						ProvisioningStyle = Automatic;
						TestTargetID = 9FB47E591F480A43009D82FF;
					};
				};
			};
			buildConfigurationList = 9FB47E551F480A43009D82FF /* Build configuration list for PBXProject "Adjustable Clock" */;
			compatibilityVersion = "Xcode 3.2";
			developmentRegion = en;
			hasScannedForEncodings = 0;
			knownRegions = (
				en,
				Base,
			);
			mainGroup = 9FB47E511F480A43009D82FF;
			productRefGroup = 9FB47E5B1F480A43009D82FF /* Products */;
			projectDirPath = "";
			projectRoot = "";
			targets = (
				9FB47E591F480A43009D82FF /* Adjustable Clock */,
				9FB47E6A1F480A43009D82FF /* Adjustable ClockTests */,
				9FB47E751F480A43009D82FF /* Adjustable ClockUITests */,
			);
		};
/* End PBXProject section */

/* Begin PBXResourcesBuildPhase section */
		9FB47E581F480A43009D82FF /* Resources */ = {
			isa = PBXResourcesBuildPhase;
			buildActionMask = 2147483647;
			files = (
				9FB47E621F480A43009D82FF /* Assets.xcassets in Resources */,
				9FB47E651F480A43009D82FF /* Main.storyboard in Resources */,
			);
			runOnlyForDeploymentPostprocessing = 0;
		};
		9FB47E691F480A43009D82FF /* Resources */ = {
			isa = PBXResourcesBuildPhase;
			buildActionMask = 2147483647;
			files = (
			);
			runOnlyForDeploymentPostprocessing = 0;
		};
		9FB47E741F480A43009D82FF /* Resources */ = {
			isa = PBXResourcesBuildPhase;
			buildActionMask = 2147483647;
			files = (
			);
			runOnlyForDeploymentPostprocessing = 0;
		};
/* End PBXResourcesBuildPhase section */

/* Begin PBXShellScriptBuildPhase section */
		9F67F55523B5D478004D0850 /* ShellScript */ = {
			isa = PBXShellScriptBuildPhase;
			buildActionMask = 2147483647;
			files = (
			);
			inputFileListPaths = (
			);
			inputPaths = (
			);
			outputFileListPaths = (
			);
			outputPaths = (
			);
			runOnlyForDeploymentPostprocessing = 0;
			shellPath = /bin/sh;
			shellScript = "if which swiftlint >/dev/null; then\nswiftlint\nelse\necho \"warning: SwiftLint not installed, download from https://github.com/realm/SwiftLint\"\nfi\n\n";
		};
/* End PBXShellScriptBuildPhase section */

/* Begin PBXSourcesBuildPhase section */
		9FB47E561F480A43009D82FF /* Sources */ = {
			isa = PBXSourcesBuildPhase;
			buildActionMask = 2147483647;
			files = (
				9F538C512116B0AF00A72242 /* SimplePreferencesController.swift in Sources */,
				9F6974772065BA19007886DE /* PreferencesController.swift in Sources */,
				9FBBCCA520DDDD9F00F44160 /* NSImageTemplateExtension.swift in Sources */,
				9FC97F591F480BB500035D30 /* PreferencesWC.swift in Sources */,
				9F8BF21720EEBEFE00ADF294 /* ColorsMenuController.swift in Sources */,
				9F538C4F2116B06300A72242 /* SimplePreferencesVC.swift in Sources */,
				9F04FDF120EDF9D5002B0FAD /* UserInterfaceItemIdentifiers.swift in Sources */,
				9F793AAD2063849C00AF703E /* DigitalClockModel.swift in Sources */,
				9FE390851FECBCE300AF5442 /* ClockWindowRestorer.swift in Sources */,
				9F4D87452055E99400AF63D1 /* DigitalClockWC.swift in Sources */,
				9F8EBE482050C4C7005BA4F2 /* DigitalClockVC.swift in Sources */,
				9FEAE9DD1F4F7249004EB641 /* MainMenu.swift in Sources */,
				9FE390871FECBCF400AF5442 /* PreferencesWindowRestorer.swift in Sources */,
				9FC97F581F480BB500035D30 /* PreferencesVC.swift in Sources */,
				9F3C7D6A20CCE40D00C91506 /* ClockPreferencesStorage.swift in Sources */,
				9FB47E5E1F480A43009D82FF /* AppDelegate.swift in Sources */,
				9F538C4D2116AC1500A72242 /* SimplePreferencesWC.swift in Sources */,
				9F7174A11F5DADE800595C8D /* DigItalClockAppFunctions.swift in Sources */,
				9F750CC02056073F007980F9 /* DefaultNSWindow.swift in Sources */,
				9F4EF1E320C273CB00E08C57 /* ColorModel.swift in Sources */,
				9F8ED1711FEC73C100C0553C /* WindowFrameRestorer.swift in Sources */,
			);
			runOnlyForDeploymentPostprocessing = 0;
		};
		9FB47E671F480A43009D82FF /* Sources */ = {
			isa = PBXSourcesBuildPhase;
			buildActionMask = 2147483647;
			files = (
				9FB47E701F480A43009D82FF /* Adjustable_ClockTests.swift in Sources */,
			);
			runOnlyForDeploymentPostprocessing = 0;
		};
		9FB47E721F480A43009D82FF /* Sources */ = {
			isa = PBXSourcesBuildPhase;
			buildActionMask = 2147483647;
			files = (
				9FB47E7B1F480A43009D82FF /* Adjustable_ClockUITests.swift in Sources */,
			);
			runOnlyForDeploymentPostprocessing = 0;
		};
/* End PBXSourcesBuildPhase section */

/* Begin PBXTargetDependency section */
		9FB47E6D1F480A43009D82FF /* PBXTargetDependency */ = {
			isa = PBXTargetDependency;
			target = 9FB47E591F480A43009D82FF /* Adjustable Clock */;
			targetProxy = 9FB47E6C1F480A43009D82FF /* PBXContainerItemProxy */;
		};
		9FB47E781F480A43009D82FF /* PBXTargetDependency */ = {
			isa = PBXTargetDependency;
			target = 9FB47E591F480A43009D82FF /* Adjustable Clock */;
			targetProxy = 9FB47E771F480A43009D82FF /* PBXContainerItemProxy */;
		};
/* End PBXTargetDependency section */

/* Begin PBXVariantGroup section */
		9FB47E631F480A43009D82FF /* Main.storyboard */ = {
			isa = PBXVariantGroup;
			children = (
				9FB47E641F480A43009D82FF /* Base */,
			);
			name = Main.storyboard;
			sourceTree = "<group>";
		};
/* End PBXVariantGroup section */

/* Begin XCBuildConfiguration section */
		9FB47E7D1F480A43009D82FF /* Debug */ = {
			isa = XCBuildConfiguration;
			buildSettings = {
				ALWAYS_SEARCH_USER_PATHS = NO;
				CLANG_ANALYZER_NONNULL = YES;
				CLANG_ANALYZER_NUMBER_OBJECT_CONVERSION = YES_AGGRESSIVE;
				CLANG_CXX_LANGUAGE_STANDARD = "gnu++0x";
				CLANG_CXX_LIBRARY = "libc++";
				CLANG_ENABLE_MODULES = YES;
				CLANG_ENABLE_OBJC_ARC = YES;
				CLANG_WARN_BLOCK_CAPTURE_AUTORELEASING = YES;
				CLANG_WARN_BOOL_CONVERSION = YES;
				CLANG_WARN_COMMA = YES;
				CLANG_WARN_CONSTANT_CONVERSION = YES;
				CLANG_WARN_DEPRECATED_OBJC_IMPLEMENTATIONS = YES;
				CLANG_WARN_DIRECT_OBJC_ISA_USAGE = YES_ERROR;
				CLANG_WARN_DOCUMENTATION_COMMENTS = YES;
				CLANG_WARN_EMPTY_BODY = YES;
				CLANG_WARN_ENUM_CONVERSION = YES;
				CLANG_WARN_INFINITE_RECURSION = YES;
				CLANG_WARN_INT_CONVERSION = YES;
				CLANG_WARN_NON_LITERAL_NULL_CONVERSION = YES;
				CLANG_WARN_OBJC_IMPLICIT_RETAIN_SELF = YES;
				CLANG_WARN_OBJC_LITERAL_CONVERSION = YES;
				CLANG_WARN_OBJC_ROOT_CLASS = YES_ERROR;
				CLANG_WARN_RANGE_LOOP_ANALYSIS = YES;
				CLANG_WARN_STRICT_PROTOTYPES = YES;
				CLANG_WARN_SUSPICIOUS_MOVE = YES;
				CLANG_WARN_UNREACHABLE_CODE = YES;
				CLANG_WARN__DUPLICATE_METHOD_MATCH = YES;
				CODE_SIGN_IDENTITY = "-";
				COPY_PHASE_STRIP = NO;
				DEBUG_INFORMATION_FORMAT = dwarf;
				ENABLE_STRICT_OBJC_MSGSEND = YES;
				ENABLE_TESTABILITY = YES;
				GCC_C_LANGUAGE_STANDARD = gnu99;
				GCC_DYNAMIC_NO_PIC = NO;
				GCC_NO_COMMON_BLOCKS = YES;
				GCC_OPTIMIZATION_LEVEL = 0;
				GCC_PREPROCESSOR_DEFINITIONS = (
					"DEBUG=1",
					"$(inherited)",
				);
				GCC_WARN_64_TO_32_BIT_CONVERSION = YES;
				GCC_WARN_ABOUT_RETURN_TYPE = YES_ERROR;
				GCC_WARN_UNDECLARED_SELECTOR = YES;
				GCC_WARN_UNINITIALIZED_AUTOS = YES_AGGRESSIVE;
				GCC_WARN_UNUSED_FUNCTION = YES;
				GCC_WARN_UNUSED_VARIABLE = YES;
				MACOSX_DEPLOYMENT_TARGET = 10.12;
				MTL_ENABLE_DEBUG_INFO = YES;
				ONLY_ACTIVE_ARCH = YES;
				SDKROOT = macosx;
				SWIFT_ACTIVE_COMPILATION_CONDITIONS = DEBUG;
				SWIFT_OPTIMIZATION_LEVEL = "-Onone";
			};
			name = Debug;
		};
		9FB47E7E1F480A43009D82FF /* Release */ = {
			isa = XCBuildConfiguration;
			buildSettings = {
				ALWAYS_SEARCH_USER_PATHS = NO;
				CLANG_ANALYZER_NONNULL = YES;
				CLANG_ANALYZER_NUMBER_OBJECT_CONVERSION = YES_AGGRESSIVE;
				CLANG_CXX_LANGUAGE_STANDARD = "gnu++0x";
				CLANG_CXX_LIBRARY = "libc++";
				CLANG_ENABLE_MODULES = YES;
				CLANG_ENABLE_OBJC_ARC = YES;
				CLANG_WARN_BLOCK_CAPTURE_AUTORELEASING = YES;
				CLANG_WARN_BOOL_CONVERSION = YES;
				CLANG_WARN_COMMA = YES;
				CLANG_WARN_CONSTANT_CONVERSION = YES;
				CLANG_WARN_DEPRECATED_OBJC_IMPLEMENTATIONS = YES;
				CLANG_WARN_DIRECT_OBJC_ISA_USAGE = YES_ERROR;
				CLANG_WARN_DOCUMENTATION_COMMENTS = YES;
				CLANG_WARN_EMPTY_BODY = YES;
				CLANG_WARN_ENUM_CONVERSION = YES;
				CLANG_WARN_INFINITE_RECURSION = YES;
				CLANG_WARN_INT_CONVERSION = YES;
				CLANG_WARN_NON_LITERAL_NULL_CONVERSION = YES;
				CLANG_WARN_OBJC_IMPLICIT_RETAIN_SELF = YES;
				CLANG_WARN_OBJC_LITERAL_CONVERSION = YES;
				CLANG_WARN_OBJC_ROOT_CLASS = YES_ERROR;
				CLANG_WARN_RANGE_LOOP_ANALYSIS = YES;
				CLANG_WARN_STRICT_PROTOTYPES = YES;
				CLANG_WARN_SUSPICIOUS_MOVE = YES;
				CLANG_WARN_UNREACHABLE_CODE = YES;
				CLANG_WARN__DUPLICATE_METHOD_MATCH = YES;
				CODE_SIGN_IDENTITY = "-";
				COPY_PHASE_STRIP = NO;
				DEBUG_INFORMATION_FORMAT = "dwarf-with-dsym";
				ENABLE_NS_ASSERTIONS = NO;
				ENABLE_STRICT_OBJC_MSGSEND = YES;
				GCC_C_LANGUAGE_STANDARD = gnu99;
				GCC_NO_COMMON_BLOCKS = YES;
				GCC_WARN_64_TO_32_BIT_CONVERSION = YES;
				GCC_WARN_ABOUT_RETURN_TYPE = YES_ERROR;
				GCC_WARN_UNDECLARED_SELECTOR = YES;
				GCC_WARN_UNINITIALIZED_AUTOS = YES_AGGRESSIVE;
				GCC_WARN_UNUSED_FUNCTION = YES;
				GCC_WARN_UNUSED_VARIABLE = YES;
				MACOSX_DEPLOYMENT_TARGET = 10.12;
				MTL_ENABLE_DEBUG_INFO = NO;
				SDKROOT = macosx;
				SWIFT_OPTIMIZATION_LEVEL = "-Owholemodule";
			};
			name = Release;
		};
		9FB47E801F480A43009D82FF /* Debug */ = {
			isa = XCBuildConfiguration;
			buildSettings = {
				ASSETCATALOG_COMPILER_APPICON_NAME = AppIcon;
				COMBINE_HIDPI_IMAGES = YES;
				DEVELOPMENT_TEAM = 8ZAMGA7E3H;
				INFOPLIST_FILE = "Adjustable Clock/Info.plist";
				LD_RUNPATH_SEARCH_PATHS = "$(inherited) @executable_path/../Frameworks";
				PRODUCT_BUNDLE_IDENTIFIER = "Mac-App.Adjustable-Clock";
				PRODUCT_NAME = "$(TARGET_NAME)";
				SWIFT_SWIFT3_OBJC_INFERENCE = Default;
				SWIFT_VERSION = 5.0;
			};
			name = Debug;
		};
		9FB47E811F480A43009D82FF /* Release */ = {
			isa = XCBuildConfiguration;
			buildSettings = {
				ASSETCATALOG_COMPILER_APPICON_NAME = AppIcon;
				COMBINE_HIDPI_IMAGES = YES;
				DEVELOPMENT_TEAM = 8ZAMGA7E3H;
				INFOPLIST_FILE = "Adjustable Clock/Info.plist";
				LD_RUNPATH_SEARCH_PATHS = "$(inherited) @executable_path/../Frameworks";
				PRODUCT_BUNDLE_IDENTIFIER = "Mac-App.Adjustable-Clock";
				PRODUCT_NAME = "$(TARGET_NAME)";
				SWIFT_SWIFT3_OBJC_INFERENCE = Default;
				SWIFT_VERSION = 5.0;
			};
			name = Release;
		};
		9FB47E831F480A43009D82FF /* Debug */ = {
			isa = XCBuildConfiguration;
			buildSettings = {
				ALWAYS_EMBED_SWIFT_STANDARD_LIBRARIES = YES;
				BUNDLE_LOADER = "$(TEST_HOST)";
				COMBINE_HIDPI_IMAGES = YES;
				DEVELOPMENT_TEAM = 8ZAMGA7E3H;
				INFOPLIST_FILE = "Adjustable ClockTests/Info.plist";
				LD_RUNPATH_SEARCH_PATHS = "$(inherited) @executable_path/../Frameworks @loader_path/../Frameworks";
				PRODUCT_BUNDLE_IDENTIFIER = "Mac-App.Adjustable-ClockTests";
				PRODUCT_NAME = "$(TARGET_NAME)";
				SWIFT_SWIFT3_OBJC_INFERENCE = On;
				SWIFT_VERSION = 5.0;
				TEST_HOST = "$(BUILT_PRODUCTS_DIR)/Adjustable Clock.app/Contents/MacOS/Adjustable Clock";
			};
			name = Debug;
		};
		9FB47E841F480A43009D82FF /* Release */ = {
			isa = XCBuildConfiguration;
			buildSettings = {
				ALWAYS_EMBED_SWIFT_STANDARD_LIBRARIES = YES;
				BUNDLE_LOADER = "$(TEST_HOST)";
				COMBINE_HIDPI_IMAGES = YES;
				DEVELOPMENT_TEAM = 8ZAMGA7E3H;
				INFOPLIST_FILE = "Adjustable ClockTests/Info.plist";
				LD_RUNPATH_SEARCH_PATHS = "$(inherited) @executable_path/../Frameworks @loader_path/../Frameworks";
				PRODUCT_BUNDLE_IDENTIFIER = "Mac-App.Adjustable-ClockTests";
				PRODUCT_NAME = "$(TARGET_NAME)";
				SWIFT_SWIFT3_OBJC_INFERENCE = On;
				SWIFT_VERSION = 5.0;
				TEST_HOST = "$(BUILT_PRODUCTS_DIR)/Adjustable Clock.app/Contents/MacOS/Adjustable Clock";
			};
			name = Release;
		};
		9FB47E861F480A43009D82FF /* Debug */ = {
			isa = XCBuildConfiguration;
			buildSettings = {
				ALWAYS_EMBED_SWIFT_STANDARD_LIBRARIES = YES;
				COMBINE_HIDPI_IMAGES = YES;
				DEVELOPMENT_TEAM = 8ZAMGA7E3H;
				INFOPLIST_FILE = "Adjustable ClockUITests/Info.plist";
				LD_RUNPATH_SEARCH_PATHS = "$(inherited) @executable_path/../Frameworks @loader_path/../Frameworks";
				PRODUCT_BUNDLE_IDENTIFIER = "Mac-App.Adjustable-ClockUITests";
				PRODUCT_NAME = "$(TARGET_NAME)";
				SWIFT_SWIFT3_OBJC_INFERENCE = On;
				SWIFT_VERSION = 5.0;
				TEST_TARGET_NAME = "Adjustable Clock";
			};
			name = Debug;
		};
		9FB47E871F480A43009D82FF /* Release */ = {
			isa = XCBuildConfiguration;
			buildSettings = {
				ALWAYS_EMBED_SWIFT_STANDARD_LIBRARIES = YES;
				COMBINE_HIDPI_IMAGES = YES;
				DEVELOPMENT_TEAM = 8ZAMGA7E3H;
				INFOPLIST_FILE = "Adjustable ClockUITests/Info.plist";
				LD_RUNPATH_SEARCH_PATHS = "$(inherited) @executable_path/../Frameworks @loader_path/../Frameworks";
				PRODUCT_BUNDLE_IDENTIFIER = "Mac-App.Adjustable-ClockUITests";
				PRODUCT_NAME = "$(TARGET_NAME)";
				SWIFT_SWIFT3_OBJC_INFERENCE = On;
				SWIFT_VERSION = 5.0;
				TEST_TARGET_NAME = "Adjustable Clock";
			};
			name = Release;
		};
/* End XCBuildConfiguration section */

/* Begin XCConfigurationList section */
		9FB47E551F480A43009D82FF /* Build configuration list for PBXProject "Adjustable Clock" */ = {
			isa = XCConfigurationList;
			buildConfigurations = (
				9FB47E7D1F480A43009D82FF /* Debug */,
				9FB47E7E1F480A43009D82FF /* Release */,
			);
			defaultConfigurationIsVisible = 0;
			defaultConfigurationName = Release;
		};
		9FB47E7F1F480A43009D82FF /* Build configuration list for PBXNativeTarget "Adjustable Clock" */ = {
			isa = XCConfigurationList;
			buildConfigurations = (
				9FB47E801F480A43009D82FF /* Debug */,
				9FB47E811F480A43009D82FF /* Release */,
			);
			defaultConfigurationIsVisible = 0;
			defaultConfigurationName = Release;
		};
		9FB47E821F480A43009D82FF /* Build configuration list for PBXNativeTarget "Adjustable ClockTests" */ = {
			isa = XCConfigurationList;
			buildConfigurations = (
				9FB47E831F480A43009D82FF /* Debug */,
				9FB47E841F480A43009D82FF /* Release */,
			);
			defaultConfigurationIsVisible = 0;
			defaultConfigurationName = Release;
		};
		9FB47E851F480A43009D82FF /* Build configuration list for PBXNativeTarget "Adjustable ClockUITests" */ = {
			isa = XCConfigurationList;
			buildConfigurations = (
				9FB47E861F480A43009D82FF /* Debug */,
				9FB47E871F480A43009D82FF /* Release */,
			);
			defaultConfigurationIsVisible = 0;
			defaultConfigurationName = Release;
		};
/* End XCConfigurationList section */
	};
	rootObject = 9FB47E521F480A43009D82FF /* Project object */;
}
